
Microsoft Visual Studio Solution File, Format Version 12.00
# Visual Studio Version 16
VisualStudioVersion = 16.0.29926.136
MinimumVisualStudioVersion = 10.0.40219.1
Project("{9A19103F-16F7-4668-BE54-9A1E7A4F7556}") = "HealthCare020.API", "HealthCare020.API\HealthCare020.API.csproj", "{BB6BC1DB-AA57-4116-8808-8587400A43B7}"
EndProject
Project("{9A19103F-16F7-4668-BE54-9A1E7A4F7556}") = "HealthCare020.Core", "HealthCare020.Core\HealthCare020.Core.csproj", "{EB0D4334-B95A-480B-9E35-F45C2600DA59}"
EndProject
Project("{9A19103F-16F7-4668-BE54-9A1E7A4F7556}") = "HealthCare020.Repository", "HealthCare020.Repository\HealthCare020.Repository.csproj", "{3C77F33C-3736-4CDB-AF49-C0CE69546C0A}"
EndProject
Project("{9A19103F-16F7-4668-BE54-9A1E7A4F7556}") = "HealthCare020.Services", "HealthCare020.Services\HealthCare020.Services.csproj", "{69058AFD-D88E-4688-B9AD-1F71260809FE}"
EndProject
Project("{9A19103F-16F7-4668-BE54-9A1E7A4F7556}") = "HealthCore020.Test", "HealthCore020.Test\HealthCore020.Test.csproj", "{B7FEA282-5FCB-4893-8D51-E0A166FC3EB7}"
EndProject
Project("{FAE04EC0-301F-11D3-BF4B-00C04F79EFBC}") = "Healthcare020.OAuth", "Healthcare020.OAuth\Healthcare020.OAuth.csproj", "{7D48F9A9-7CDA-4A30-9572-5B99A303079F}"
EndProject
Global
	GlobalSection(SolutionConfigurationPlatforms) = preSolution
		Debug|Any CPU = Debug|Any CPU
		Release|Any CPU = Release|Any CPU
	EndGlobalSection
	GlobalSection(ProjectConfigurationPlatforms) = postSolution
		{BB6BC1DB-AA57-4116-8808-8587400A43B7}.Debug|Any CPU.ActiveCfg = Debug|Any CPU
		{BB6BC1DB-AA57-4116-8808-8587400A43B7}.Debug|Any CPU.Build.0 = Debug|Any CPU
		{BB6BC1DB-AA57-4116-8808-8587400A43B7}.Release|Any CPU.ActiveCfg = Release|Any CPU
		{BB6BC1DB-AA57-4116-8808-8587400A43B7}.Release|Any CPU.Build.0 = Release|Any CPU
		{EB0D4334-B95A-480B-9E35-F45C2600DA59}.Debug|Any CPU.ActiveCfg = Debug|Any CPU
		{EB0D4334-B95A-480B-9E35-F45C2600DA59}.Debug|Any CPU.Build.0 = Debug|Any CPU
		{EB0D4334-B95A-480B-9E35-F45C2600DA59}.Release|Any CPU.ActiveCfg = Release|Any CPU
		{EB0D4334-B95A-480B-9E35-F45C2600DA59}.Release|Any CPU.Build.0 = Release|Any CPU
		{3C77F33C-3736-4CDB-AF49-C0CE69546C0A}.Debug|Any CPU.ActiveCfg = Debug|Any CPU
		{3C77F33C-3736-4CDB-AF49-C0CE69546C0A}.Debug|Any CPU.Build.0 = Debug|Any CPU
		{3C77F33C-3736-4CDB-AF49-C0CE69546C0A}.Release|Any CPU.ActiveCfg = Release|Any CPU
		{3C77F33C-3736-4CDB-AF49-C0CE69546C0A}.Release|Any CPU.Build.0 = Release|Any CPU
		{69058AFD-D88E-4688-B9AD-1F71260809FE}.Debug|Any CPU.ActiveCfg = Debug|Any CPU
		{69058AFD-D88E-4688-B9AD-1F71260809FE}.Debug|Any CPU.Build.0 = Debug|Any CPU
		{69058AFD-D88E-4688-B9AD-1F71260809FE}.Release|Any CPU.ActiveCfg = Release|Any CPU
		{69058AFD-D88E-4688-B9AD-1F71260809FE}.Release|Any CPU.Build.0 = Release|Any CPU
		{B7FEA282-5FCB-4893-8D51-E0A166FC3EB7}.Debug|Any CPU.ActiveCfg = Debug|Any CPU
		{B7FEA282-5FCB-4893-8D51-E0A166FC3EB7}.Debug|Any CPU.Build.0 = Debug|Any CPU
		{B7FEA282-5FCB-4893-8D51-E0A166FC3EB7}.Release|Any CPU.ActiveCfg = Release|Any CPU
		{B7FEA282-5FCB-4893-8D51-E0A166FC3EB7}.Release|Any CPU.Build.0 = Release|Any CPU
		{7D48F9A9-7CDA-4A30-9572-5B99A303079F}.Debug|Any CPU.ActiveCfg = Debug|Any CPU
		{7D48F9A9-7CDA-4A30-9572-5B99A303079F}.Debug|Any CPU.Build.0 = Debug|Any CPU
		{7D48F9A9-7CDA-4A30-9572-5B99A303079F}.Release|Any CPU.ActiveCfg = Release|Any CPU
		{7D48F9A9-7CDA-4A30-9572-5B99A303079F}.Release|Any CPU.Build.0 = Release|Any CPU
	EndGlobalSection
	GlobalSection(SolutionProperties) = preSolution
		HideSolutionNode = FALSE
	EndGlobalSection
	GlobalSection(ExtensibilityGlobals) = postSolution
		SolutionGuid = {6FCE93F7-73D2-4070-A44A-D3563DDD74B6}
	EndGlobalSection
EndGlobal
