
Microsoft Visual Studio Solution File, Format Version 12.00
# Visual Studio Version 16
VisualStudioVersion = 16.0.29926.136
MinimumVisualStudioVersion = 10.0.40219.1
Project("{9A19103F-16F7-4668-BE54-9A1E7A4F7556}") = "HealthCare020.API", "HealthCare020.API\HealthCare020.API.csproj", "{BB6BC1DB-AA57-4116-8808-8587400A43B7}"
EndProject
Project("{9A19103F-16F7-4668-BE54-9A1E7A4F7556}") = "HealthCare020.Core", "HealthCare020.Core\HealthCare020.Core.csproj", "{EB0D4334-B95A-480B-9E35-F45C2600DA59}"
EndProject
Project("{9A19103F-16F7-4668-BE54-9A1E7A4F7556}") = "HealthCare020.Repository", "HealthCare020.Repository\HealthCare020.Repository.csproj", "{3C77F33C-3736-4CDB-AF49-C0CE69546C0A}"
EndProject
Project("{9A19103F-16F7-4668-BE54-9A1E7A4F7556}") = "HealthCare020.Services", "HealthCare020.Services\HealthCare020.Services.csproj", "{69058AFD-D88E-4688-B9AD-1F71260809FE}"
EndProject
Project("{9A19103F-16F7-4668-BE54-9A1E7A4F7556}") = "Healthcare020.OAuth", "Healthcare020.OAuth\Healthcare020.OAuth.csproj", "{7D48F9A9-7CDA-4A30-9572-5B99A303079F}"
EndProject
Project("{2150E333-8FDC-42A3-9474-1A3956D46DE8}") = "UI", "UI", "{08755D88-F04A-4EC9-B294-E0FD8074D9C8}"
EndProject
Project("{FAE04EC0-301F-11D3-BF4B-00C04F79EFBC}") = "Healthcare020.WinUI", "Healthcare020.WinUI\Healthcare020.WinUI.csproj", "{302498AE-7B4F-4C38-9988-6214D3C84503}"
EndProject
Project("{9A19103F-16F7-4668-BE54-9A1E7A4F7556}") = "Healthcare020.LoggerService", "Healthcare020.LoggerService\Healthcare020.LoggerService.csproj", "{1241A82E-64E4-4B9A-8077-98A1F91914D6}"
EndProject
Project("{2150E333-8FDC-42A3-9474-1A3956D46DE8}") = "Mobile", "Mobile", "{B17C5594-B03A-4740-9366-6749B1E48839}"
EndProject
Project("{FAE04EC0-301F-11D3-BF4B-00C04F79EFBC}") = "Healthcare020.Mobile.Android", "Healthcare020.Mobile\Healthcare020.Mobile.Android\Healthcare020.Mobile.Android.csproj", "{1751A7C4-08AB-428D-A313-35661C074B7D}"
EndProject
Project("{9A19103F-16F7-4668-BE54-9A1E7A4F7556}") = "Healthcare020.Mobile", "Healthcare020.Mobile\Healthcare020.Mobile\Healthcare020.Mobile.csproj", "{9787D3DD-4E7A-43FC-A10F-B7A67B70D77C}"
EndProject
Project("{2150E333-8FDC-42A3-9474-1A3956D46DE8}") = "Solution Items", "Solution Items", "{B5C710A8-9DA7-402E-9160-3FF5240FAD9E}"
	ProjectSection(SolutionItems) = preProject
		README.txt = README.txt
	EndProjectSection
EndProject
Global
	GlobalSection(SolutionConfigurationPlatforms) = preSolution
		Debug|Any CPU = Debug|Any CPU
		Debug|ARM = Debug|ARM
		Debug|iPhone = Debug|iPhone
		Debug|iPhoneSimulator = Debug|iPhoneSimulator
		Debug|x64 = Debug|x64
		Debug|x86 = Debug|x86
		Release|Any CPU = Release|Any CPU
		Release|ARM = Release|ARM
		Release|iPhone = Release|iPhone
		Release|iPhoneSimulator = Release|iPhoneSimulator
		Release|x64 = Release|x64
		Release|x86 = Release|x86
	EndGlobalSection
	GlobalSection(ProjectConfigurationPlatforms) = postSolution
		{BB6BC1DB-AA57-4116-8808-8587400A43B7}.Debug|Any CPU.ActiveCfg = Debug|Any CPU
		{BB6BC1DB-AA57-4116-8808-8587400A43B7}.Debug|Any CPU.Build.0 = Debug|Any CPU
		{BB6BC1DB-AA57-4116-8808-8587400A43B7}.Debug|ARM.ActiveCfg = Debug|Any CPU
		{BB6BC1DB-AA57-4116-8808-8587400A43B7}.Debug|ARM.Build.0 = Debug|Any CPU
		{BB6BC1DB-AA57-4116-8808-8587400A43B7}.Debug|iPhone.ActiveCfg = Debug|Any CPU
		{BB6BC1DB-AA57-4116-8808-8587400A43B7}.Debug|iPhone.Build.0 = Debug|Any CPU
		{BB6BC1DB-AA57-4116-8808-8587400A43B7}.Debug|iPhoneSimulator.ActiveCfg = Debug|Any CPU
		{BB6BC1DB-AA57-4116-8808-8587400A43B7}.Debug|iPhoneSimulator.Build.0 = Debug|Any CPU
		{BB6BC1DB-AA57-4116-8808-8587400A43B7}.Debug|x64.ActiveCfg = Debug|Any CPU
		{BB6BC1DB-AA57-4116-8808-8587400A43B7}.Debug|x64.Build.0 = Debug|Any CPU
		{BB6BC1DB-AA57-4116-8808-8587400A43B7}.Debug|x86.ActiveCfg = Debug|Any CPU
		{BB6BC1DB-AA57-4116-8808-8587400A43B7}.Release|Any CPU.ActiveCfg = Release|Any CPU
		{BB6BC1DB-AA57-4116-8808-8587400A43B7}.Release|Any CPU.Build.0 = Release|Any CPU
		{BB6BC1DB-AA57-4116-8808-8587400A43B7}.Release|ARM.ActiveCfg = Release|Any CPU
		{BB6BC1DB-AA57-4116-8808-8587400A43B7}.Release|ARM.Build.0 = Release|Any CPU
		{BB6BC1DB-AA57-4116-8808-8587400A43B7}.Release|iPhone.ActiveCfg = Release|Any CPU
		{BB6BC1DB-AA57-4116-8808-8587400A43B7}.Release|iPhone.Build.0 = Release|Any CPU
		{BB6BC1DB-AA57-4116-8808-8587400A43B7}.Release|iPhoneSimulator.ActiveCfg = Release|Any CPU
		{BB6BC1DB-AA57-4116-8808-8587400A43B7}.Release|iPhoneSimulator.Build.0 = Release|Any CPU
		{BB6BC1DB-AA57-4116-8808-8587400A43B7}.Release|x64.ActiveCfg = Release|Any CPU
		{BB6BC1DB-AA57-4116-8808-8587400A43B7}.Release|x64.Build.0 = Release|Any CPU
		{BB6BC1DB-AA57-4116-8808-8587400A43B7}.Release|x86.ActiveCfg = Release|Any CPU
		{BB6BC1DB-AA57-4116-8808-8587400A43B7}.Release|x86.Build.0 = Release|Any CPU
		{EB0D4334-B95A-480B-9E35-F45C2600DA59}.Debug|Any CPU.ActiveCfg = Debug|Any CPU
		{EB0D4334-B95A-480B-9E35-F45C2600DA59}.Debug|Any CPU.Build.0 = Debug|Any CPU
		{EB0D4334-B95A-480B-9E35-F45C2600DA59}.Debug|ARM.ActiveCfg = Debug|Any CPU
		{EB0D4334-B95A-480B-9E35-F45C2600DA59}.Debug|ARM.Build.0 = Debug|Any CPU
		{EB0D4334-B95A-480B-9E35-F45C2600DA59}.Debug|iPhone.ActiveCfg = Debug|Any CPU
		{EB0D4334-B95A-480B-9E35-F45C2600DA59}.Debug|iPhone.Build.0 = Debug|Any CPU
		{EB0D4334-B95A-480B-9E35-F45C2600DA59}.Debug|iPhoneSimulator.ActiveCfg = Debug|Any CPU
		{EB0D4334-B95A-480B-9E35-F45C2600DA59}.Debug|iPhoneSimulator.Build.0 = Debug|Any CPU
		{EB0D4334-B95A-480B-9E35-F45C2600DA59}.Debug|x64.ActiveCfg = Debug|Any CPU
		{EB0D4334-B95A-480B-9E35-F45C2600DA59}.Debug|x64.Build.0 = Debug|Any CPU
		{EB0D4334-B95A-480B-9E35-F45C2600DA59}.Debug|x86.ActiveCfg = Debug|Any CPU
		{EB0D4334-B95A-480B-9E35-F45C2600DA59}.Debug|x86.Build.0 = Debug|Any CPU
		{EB0D4334-B95A-480B-9E35-F45C2600DA59}.Release|Any CPU.ActiveCfg = Release|Any CPU
		{EB0D4334-B95A-480B-9E35-F45C2600DA59}.Release|Any CPU.Build.0 = Release|Any CPU
		{EB0D4334-B95A-480B-9E35-F45C2600DA59}.Release|ARM.ActiveCfg = Release|Any CPU
		{EB0D4334-B95A-480B-9E35-F45C2600DA59}.Release|ARM.Build.0 = Release|Any CPU
		{EB0D4334-B95A-480B-9E35-F45C2600DA59}.Release|iPhone.ActiveCfg = Release|Any CPU
		{EB0D4334-B95A-480B-9E35-F45C2600DA59}.Release|iPhone.Build.0 = Release|Any CPU
		{EB0D4334-B95A-480B-9E35-F45C2600DA59}.Release|iPhoneSimulator.ActiveCfg = Release|Any CPU
		{EB0D4334-B95A-480B-9E35-F45C2600DA59}.Release|iPhoneSimulator.Build.0 = Release|Any CPU
		{EB0D4334-B95A-480B-9E35-F45C2600DA59}.Release|x64.ActiveCfg = Release|Any CPU
		{EB0D4334-B95A-480B-9E35-F45C2600DA59}.Release|x64.Build.0 = Release|Any CPU
		{EB0D4334-B95A-480B-9E35-F45C2600DA59}.Release|x86.ActiveCfg = Release|Any CPU
		{EB0D4334-B95A-480B-9E35-F45C2600DA59}.Release|x86.Build.0 = Release|Any CPU
		{3C77F33C-3736-4CDB-AF49-C0CE69546C0A}.Debug|Any CPU.ActiveCfg = Debug|Any CPU
		{3C77F33C-3736-4CDB-AF49-C0CE69546C0A}.Debug|Any CPU.Build.0 = Debug|Any CPU
		{3C77F33C-3736-4CDB-AF49-C0CE69546C0A}.Debug|ARM.ActiveCfg = Debug|Any CPU
		{3C77F33C-3736-4CDB-AF49-C0CE69546C0A}.Debug|ARM.Build.0 = Debug|Any CPU
		{3C77F33C-3736-4CDB-AF49-C0CE69546C0A}.Debug|iPhone.ActiveCfg = Debug|Any CPU
		{3C77F33C-3736-4CDB-AF49-C0CE69546C0A}.Debug|iPhone.Build.0 = Debug|Any CPU
		{3C77F33C-3736-4CDB-AF49-C0CE69546C0A}.Debug|iPhoneSimulator.ActiveCfg = Debug|Any CPU
		{3C77F33C-3736-4CDB-AF49-C0CE69546C0A}.Debug|iPhoneSimulator.Build.0 = Debug|Any CPU
		{3C77F33C-3736-4CDB-AF49-C0CE69546C0A}.Debug|x64.ActiveCfg = Debug|Any CPU
		{3C77F33C-3736-4CDB-AF49-C0CE69546C0A}.Debug|x64.Build.0 = Debug|Any CPU
		{3C77F33C-3736-4CDB-AF49-C0CE69546C0A}.Debug|x86.ActiveCfg = Debug|Any CPU
		{3C77F33C-3736-4CDB-AF49-C0CE69546C0A}.Release|Any CPU.ActiveCfg = Release|Any CPU
		{3C77F33C-3736-4CDB-AF49-C0CE69546C0A}.Release|Any CPU.Build.0 = Release|Any CPU
		{3C77F33C-3736-4CDB-AF49-C0CE69546C0A}.Release|ARM.ActiveCfg = Release|Any CPU
		{3C77F33C-3736-4CDB-AF49-C0CE69546C0A}.Release|ARM.Build.0 = Release|Any CPU
		{3C77F33C-3736-4CDB-AF49-C0CE69546C0A}.Release|iPhone.ActiveCfg = Release|Any CPU
		{3C77F33C-3736-4CDB-AF49-C0CE69546C0A}.Release|iPhone.Build.0 = Release|Any CPU
		{3C77F33C-3736-4CDB-AF49-C0CE69546C0A}.Release|iPhoneSimulator.ActiveCfg = Release|Any CPU
		{3C77F33C-3736-4CDB-AF49-C0CE69546C0A}.Release|iPhoneSimulator.Build.0 = Release|Any CPU
		{3C77F33C-3736-4CDB-AF49-C0CE69546C0A}.Release|x64.ActiveCfg = Release|Any CPU
		{3C77F33C-3736-4CDB-AF49-C0CE69546C0A}.Release|x64.Build.0 = Release|Any CPU
		{3C77F33C-3736-4CDB-AF49-C0CE69546C0A}.Release|x86.ActiveCfg = Release|Any CPU
		{3C77F33C-3736-4CDB-AF49-C0CE69546C0A}.Release|x86.Build.0 = Release|Any CPU
		{69058AFD-D88E-4688-B9AD-1F71260809FE}.Debug|Any CPU.ActiveCfg = Debug|Any CPU
		{69058AFD-D88E-4688-B9AD-1F71260809FE}.Debug|Any CPU.Build.0 = Debug|Any CPU
		{69058AFD-D88E-4688-B9AD-1F71260809FE}.Debug|ARM.ActiveCfg = Debug|Any CPU
		{69058AFD-D88E-4688-B9AD-1F71260809FE}.Debug|ARM.Build.0 = Debug|Any CPU
		{69058AFD-D88E-4688-B9AD-1F71260809FE}.Debug|iPhone.ActiveCfg = Debug|Any CPU
		{69058AFD-D88E-4688-B9AD-1F71260809FE}.Debug|iPhone.Build.0 = Debug|Any CPU
		{69058AFD-D88E-4688-B9AD-1F71260809FE}.Debug|iPhoneSimulator.ActiveCfg = Debug|Any CPU
		{69058AFD-D88E-4688-B9AD-1F71260809FE}.Debug|iPhoneSimulator.Build.0 = Debug|Any CPU
		{69058AFD-D88E-4688-B9AD-1F71260809FE}.Debug|x64.ActiveCfg = Debug|Any CPU
		{69058AFD-D88E-4688-B9AD-1F71260809FE}.Debug|x64.Build.0 = Debug|Any CPU
		{69058AFD-D88E-4688-B9AD-1F71260809FE}.Debug|x86.ActiveCfg = Debug|Any CPU
		{69058AFD-D88E-4688-B9AD-1F71260809FE}.Release|Any CPU.ActiveCfg = Release|Any CPU
		{69058AFD-D88E-4688-B9AD-1F71260809FE}.Release|Any CPU.Build.0 = Release|Any CPU
		{69058AFD-D88E-4688-B9AD-1F71260809FE}.Release|ARM.ActiveCfg = Release|Any CPU
		{69058AFD-D88E-4688-B9AD-1F71260809FE}.Release|ARM.Build.0 = Release|Any CPU
		{69058AFD-D88E-4688-B9AD-1F71260809FE}.Release|iPhone.ActiveCfg = Release|Any CPU
		{69058AFD-D88E-4688-B9AD-1F71260809FE}.Release|iPhone.Build.0 = Release|Any CPU
		{69058AFD-D88E-4688-B9AD-1F71260809FE}.Release|iPhoneSimulator.ActiveCfg = Release|Any CPU
		{69058AFD-D88E-4688-B9AD-1F71260809FE}.Release|iPhoneSimulator.Build.0 = Release|Any CPU
		{69058AFD-D88E-4688-B9AD-1F71260809FE}.Release|x64.ActiveCfg = Release|Any CPU
		{69058AFD-D88E-4688-B9AD-1F71260809FE}.Release|x64.Build.0 = Release|Any CPU
		{69058AFD-D88E-4688-B9AD-1F71260809FE}.Release|x86.ActiveCfg = Release|Any CPU
		{69058AFD-D88E-4688-B9AD-1F71260809FE}.Release|x86.Build.0 = Release|Any CPU
		{7D48F9A9-7CDA-4A30-9572-5B99A303079F}.Debug|Any CPU.ActiveCfg = Debug|Any CPU
		{7D48F9A9-7CDA-4A30-9572-5B99A303079F}.Debug|Any CPU.Build.0 = Debug|Any CPU
		{7D48F9A9-7CDA-4A30-9572-5B99A303079F}.Debug|ARM.ActiveCfg = Debug|Any CPU
		{7D48F9A9-7CDA-4A30-9572-5B99A303079F}.Debug|ARM.Build.0 = Debug|Any CPU
		{7D48F9A9-7CDA-4A30-9572-5B99A303079F}.Debug|iPhone.ActiveCfg = Debug|Any CPU
		{7D48F9A9-7CDA-4A30-9572-5B99A303079F}.Debug|iPhone.Build.0 = Debug|Any CPU
		{7D48F9A9-7CDA-4A30-9572-5B99A303079F}.Debug|iPhoneSimulator.ActiveCfg = Debug|Any CPU
		{7D48F9A9-7CDA-4A30-9572-5B99A303079F}.Debug|iPhoneSimulator.Build.0 = Debug|Any CPU
		{7D48F9A9-7CDA-4A30-9572-5B99A303079F}.Debug|x64.ActiveCfg = Debug|Any CPU
		{7D48F9A9-7CDA-4A30-9572-5B99A303079F}.Debug|x64.Build.0 = Debug|Any CPU
		{7D48F9A9-7CDA-4A30-9572-5B99A303079F}.Debug|x86.ActiveCfg = Debug|Any CPU
		{7D48F9A9-7CDA-4A30-9572-5B99A303079F}.Release|Any CPU.ActiveCfg = Release|Any CPU
		{7D48F9A9-7CDA-4A30-9572-5B99A303079F}.Release|Any CPU.Build.0 = Release|Any CPU
		{7D48F9A9-7CDA-4A30-9572-5B99A303079F}.Release|ARM.ActiveCfg = Release|Any CPU
		{7D48F9A9-7CDA-4A30-9572-5B99A303079F}.Release|ARM.Build.0 = Release|Any CPU
		{7D48F9A9-7CDA-4A30-9572-5B99A303079F}.Release|iPhone.ActiveCfg = Release|Any CPU
		{7D48F9A9-7CDA-4A30-9572-5B99A303079F}.Release|iPhone.Build.0 = Release|Any CPU
		{7D48F9A9-7CDA-4A30-9572-5B99A303079F}.Release|iPhoneSimulator.ActiveCfg = Release|Any CPU
		{7D48F9A9-7CDA-4A30-9572-5B99A303079F}.Release|iPhoneSimulator.Build.0 = Release|Any CPU
		{7D48F9A9-7CDA-4A30-9572-5B99A303079F}.Release|x64.ActiveCfg = Release|Any CPU
		{7D48F9A9-7CDA-4A30-9572-5B99A303079F}.Release|x64.Build.0 = Release|Any CPU
		{7D48F9A9-7CDA-4A30-9572-5B99A303079F}.Release|x86.ActiveCfg = Release|Any CPU
		{7D48F9A9-7CDA-4A30-9572-5B99A303079F}.Release|x86.Build.0 = Release|Any CPU
		{302498AE-7B4F-4C38-9988-6214D3C84503}.Debug|Any CPU.ActiveCfg = Debug|Any CPU
		{302498AE-7B4F-4C38-9988-6214D3C84503}.Debug|Any CPU.Build.0 = Debug|Any CPU
		{302498AE-7B4F-4C38-9988-6214D3C84503}.Debug|ARM.ActiveCfg = Debug|Any CPU
		{302498AE-7B4F-4C38-9988-6214D3C84503}.Debug|ARM.Build.0 = Debug|Any CPU
		{302498AE-7B4F-4C38-9988-6214D3C84503}.Debug|iPhone.ActiveCfg = Debug|Any CPU
		{302498AE-7B4F-4C38-9988-6214D3C84503}.Debug|iPhone.Build.0 = Debug|Any CPU
		{302498AE-7B4F-4C38-9988-6214D3C84503}.Debug|iPhoneSimulator.ActiveCfg = Debug|Any CPU
		{302498AE-7B4F-4C38-9988-6214D3C84503}.Debug|iPhoneSimulator.Build.0 = Debug|Any CPU
		{302498AE-7B4F-4C38-9988-6214D3C84503}.Debug|x64.ActiveCfg = Debug|Any CPU
		{302498AE-7B4F-4C38-9988-6214D3C84503}.Debug|x64.Build.0 = Debug|Any CPU
		{302498AE-7B4F-4C38-9988-6214D3C84503}.Debug|x86.ActiveCfg = Debug|Any CPU
		{302498AE-7B4F-4C38-9988-6214D3C84503}.Release|Any CPU.ActiveCfg = Release|Any CPU
		{302498AE-7B4F-4C38-9988-6214D3C84503}.Release|Any CPU.Build.0 = Release|Any CPU
		{302498AE-7B4F-4C38-9988-6214D3C84503}.Release|ARM.ActiveCfg = Release|Any CPU
		{302498AE-7B4F-4C38-9988-6214D3C84503}.Release|ARM.Build.0 = Release|Any CPU
		{302498AE-7B4F-4C38-9988-6214D3C84503}.Release|iPhone.ActiveCfg = Release|Any CPU
		{302498AE-7B4F-4C38-9988-6214D3C84503}.Release|iPhone.Build.0 = Release|Any CPU
		{302498AE-7B4F-4C38-9988-6214D3C84503}.Release|iPhoneSimulator.ActiveCfg = Release|Any CPU
		{302498AE-7B4F-4C38-9988-6214D3C84503}.Release|iPhoneSimulator.Build.0 = Release|Any CPU
		{302498AE-7B4F-4C38-9988-6214D3C84503}.Release|x64.ActiveCfg = Release|Any CPU
		{302498AE-7B4F-4C38-9988-6214D3C84503}.Release|x64.Build.0 = Release|Any CPU
		{302498AE-7B4F-4C38-9988-6214D3C84503}.Release|x86.ActiveCfg = Release|Any CPU
		{302498AE-7B4F-4C38-9988-6214D3C84503}.Release|x86.Build.0 = Release|Any CPU
		{1241A82E-64E4-4B9A-8077-98A1F91914D6}.Debug|Any CPU.ActiveCfg = Debug|Any CPU
		{1241A82E-64E4-4B9A-8077-98A1F91914D6}.Debug|Any CPU.Build.0 = Debug|Any CPU
		{1241A82E-64E4-4B9A-8077-98A1F91914D6}.Debug|ARM.ActiveCfg = Debug|Any CPU
		{1241A82E-64E4-4B9A-8077-98A1F91914D6}.Debug|ARM.Build.0 = Debug|Any CPU
		{1241A82E-64E4-4B9A-8077-98A1F91914D6}.Debug|iPhone.ActiveCfg = Debug|Any CPU
		{1241A82E-64E4-4B9A-8077-98A1F91914D6}.Debug|iPhone.Build.0 = Debug|Any CPU
		{1241A82E-64E4-4B9A-8077-98A1F91914D6}.Debug|iPhoneSimulator.ActiveCfg = Debug|Any CPU
		{1241A82E-64E4-4B9A-8077-98A1F91914D6}.Debug|iPhoneSimulator.Build.0 = Debug|Any CPU
		{1241A82E-64E4-4B9A-8077-98A1F91914D6}.Debug|x64.ActiveCfg = Debug|Any CPU
		{1241A82E-64E4-4B9A-8077-98A1F91914D6}.Debug|x64.Build.0 = Debug|Any CPU
		{1241A82E-64E4-4B9A-8077-98A1F91914D6}.Debug|x86.ActiveCfg = Debug|Any CPU
		{1241A82E-64E4-4B9A-8077-98A1F91914D6}.Release|Any CPU.ActiveCfg = Release|Any CPU
		{1241A82E-64E4-4B9A-8077-98A1F91914D6}.Release|Any CPU.Build.0 = Release|Any CPU
		{1241A82E-64E4-4B9A-8077-98A1F91914D6}.Release|ARM.ActiveCfg = Release|Any CPU
		{1241A82E-64E4-4B9A-8077-98A1F91914D6}.Release|ARM.Build.0 = Release|Any CPU
		{1241A82E-64E4-4B9A-8077-98A1F91914D6}.Release|iPhone.ActiveCfg = Release|Any CPU
		{1241A82E-64E4-4B9A-8077-98A1F91914D6}.Release|iPhone.Build.0 = Release|Any CPU
		{1241A82E-64E4-4B9A-8077-98A1F91914D6}.Release|iPhoneSimulator.ActiveCfg = Release|Any CPU
		{1241A82E-64E4-4B9A-8077-98A1F91914D6}.Release|iPhoneSimulator.Build.0 = Release|Any CPU
		{1241A82E-64E4-4B9A-8077-98A1F91914D6}.Release|x64.ActiveCfg = Release|Any CPU
		{1241A82E-64E4-4B9A-8077-98A1F91914D6}.Release|x64.Build.0 = Release|Any CPU
		{1241A82E-64E4-4B9A-8077-98A1F91914D6}.Release|x86.ActiveCfg = Release|Any CPU
		{1241A82E-64E4-4B9A-8077-98A1F91914D6}.Release|x86.Build.0 = Release|Any CPU
		{1751A7C4-08AB-428D-A313-35661C074B7D}.Debug|Any CPU.ActiveCfg = Debug|Any CPU
		{1751A7C4-08AB-428D-A313-35661C074B7D}.Debug|Any CPU.Build.0 = Debug|Any CPU
		{1751A7C4-08AB-428D-A313-35661C074B7D}.Debug|Any CPU.Deploy.0 = Debug|Any CPU
		{1751A7C4-08AB-428D-A313-35661C074B7D}.Debug|ARM.ActiveCfg = Debug|Any CPU
		{1751A7C4-08AB-428D-A313-35661C074B7D}.Debug|ARM.Build.0 = Debug|Any CPU
		{1751A7C4-08AB-428D-A313-35661C074B7D}.Debug|ARM.Deploy.0 = Debug|Any CPU
		{1751A7C4-08AB-428D-A313-35661C074B7D}.Debug|iPhone.ActiveCfg = Debug|Any CPU
		{1751A7C4-08AB-428D-A313-35661C074B7D}.Debug|iPhone.Build.0 = Debug|Any CPU
		{1751A7C4-08AB-428D-A313-35661C074B7D}.Debug|iPhone.Deploy.0 = Debug|Any CPU
		{1751A7C4-08AB-428D-A313-35661C074B7D}.Debug|iPhoneSimulator.ActiveCfg = Debug|Any CPU
		{1751A7C4-08AB-428D-A313-35661C074B7D}.Debug|iPhoneSimulator.Build.0 = Debug|Any CPU
		{1751A7C4-08AB-428D-A313-35661C074B7D}.Debug|iPhoneSimulator.Deploy.0 = Debug|Any CPU
		{1751A7C4-08AB-428D-A313-35661C074B7D}.Debug|x64.ActiveCfg = Debug|Any CPU
		{1751A7C4-08AB-428D-A313-35661C074B7D}.Debug|x64.Build.0 = Debug|Any CPU
		{1751A7C4-08AB-428D-A313-35661C074B7D}.Debug|x64.Deploy.0 = Debug|Any CPU
		{1751A7C4-08AB-428D-A313-35661C074B7D}.Debug|x86.ActiveCfg = Debug|Any CPU
		{1751A7C4-08AB-428D-A313-35661C074B7D}.Debug|x86.Build.0 = Debug|Any CPU
		{1751A7C4-08AB-428D-A313-35661C074B7D}.Release|Any CPU.ActiveCfg = Release|Any CPU
		{1751A7C4-08AB-428D-A313-35661C074B7D}.Release|Any CPU.Build.0 = Release|Any CPU
		{1751A7C4-08AB-428D-A313-35661C074B7D}.Release|Any CPU.Deploy.0 = Release|Any CPU
		{1751A7C4-08AB-428D-A313-35661C074B7D}.Release|ARM.ActiveCfg = Release|Any CPU
		{1751A7C4-08AB-428D-A313-35661C074B7D}.Release|ARM.Build.0 = Release|Any CPU
		{1751A7C4-08AB-428D-A313-35661C074B7D}.Release|ARM.Deploy.0 = Release|Any CPU
		{1751A7C4-08AB-428D-A313-35661C074B7D}.Release|iPhone.ActiveCfg = Release|Any CPU
		{1751A7C4-08AB-428D-A313-35661C074B7D}.Release|iPhone.Build.0 = Release|Any CPU
		{1751A7C4-08AB-428D-A313-35661C074B7D}.Release|iPhone.Deploy.0 = Release|Any CPU
		{1751A7C4-08AB-428D-A313-35661C074B7D}.Release|iPhoneSimulator.ActiveCfg = Release|Any CPU
		{1751A7C4-08AB-428D-A313-35661C074B7D}.Release|iPhoneSimulator.Build.0 = Release|Any CPU
		{1751A7C4-08AB-428D-A313-35661C074B7D}.Release|iPhoneSimulator.Deploy.0 = Release|Any CPU
		{1751A7C4-08AB-428D-A313-35661C074B7D}.Release|x64.ActiveCfg = Release|Any CPU
		{1751A7C4-08AB-428D-A313-35661C074B7D}.Release|x64.Build.0 = Release|Any CPU
		{1751A7C4-08AB-428D-A313-35661C074B7D}.Release|x64.Deploy.0 = Release|Any CPU
		{1751A7C4-08AB-428D-A313-35661C074B7D}.Release|x86.ActiveCfg = Release|Any CPU
		{1751A7C4-08AB-428D-A313-35661C074B7D}.Release|x86.Build.0 = Release|Any CPU
		{1751A7C4-08AB-428D-A313-35661C074B7D}.Release|x86.Deploy.0 = Release|Any CPU
		{9787D3DD-4E7A-43FC-A10F-B7A67B70D77C}.Debug|Any CPU.ActiveCfg = Debug|Any CPU
		{9787D3DD-4E7A-43FC-A10F-B7A67B70D77C}.Debug|Any CPU.Build.0 = Debug|Any CPU
		{9787D3DD-4E7A-43FC-A10F-B7A67B70D77C}.Debug|ARM.ActiveCfg = Debug|Any CPU
		{9787D3DD-4E7A-43FC-A10F-B7A67B70D77C}.Debug|ARM.Build.0 = Debug|Any CPU
		{9787D3DD-4E7A-43FC-A10F-B7A67B70D77C}.Debug|iPhone.ActiveCfg = Debug|Any CPU
		{9787D3DD-4E7A-43FC-A10F-B7A67B70D77C}.Debug|iPhone.Build.0 = Debug|Any CPU
		{9787D3DD-4E7A-43FC-A10F-B7A67B70D77C}.Debug|iPhoneSimulator.ActiveCfg = Debug|Any CPU
		{9787D3DD-4E7A-43FC-A10F-B7A67B70D77C}.Debug|iPhoneSimulator.Build.0 = Debug|Any CPU
		{9787D3DD-4E7A-43FC-A10F-B7A67B70D77C}.Debug|x64.ActiveCfg = Debug|Any CPU
		{9787D3DD-4E7A-43FC-A10F-B7A67B70D77C}.Debug|x64.Build.0 = Debug|Any CPU
		{9787D3DD-4E7A-43FC-A10F-B7A67B70D77C}.Debug|x86.ActiveCfg = Debug|Any CPU
		{9787D3DD-4E7A-43FC-A10F-B7A67B70D77C}.Debug|x86.Build.0 = Debug|Any CPU
		{9787D3DD-4E7A-43FC-A10F-B7A67B70D77C}.Release|Any CPU.ActiveCfg = Release|Any CPU
		{9787D3DD-4E7A-43FC-A10F-B7A67B70D77C}.Release|Any CPU.Build.0 = Release|Any CPU
		{9787D3DD-4E7A-43FC-A10F-B7A67B70D77C}.Release|ARM.ActiveCfg = Release|Any CPU
		{9787D3DD-4E7A-43FC-A10F-B7A67B70D77C}.Release|ARM.Build.0 = Release|Any CPU
		{9787D3DD-4E7A-43FC-A10F-B7A67B70D77C}.Release|iPhone.ActiveCfg = Release|Any CPU
		{9787D3DD-4E7A-43FC-A10F-B7A67B70D77C}.Release|iPhone.Build.0 = Release|Any CPU
		{9787D3DD-4E7A-43FC-A10F-B7A67B70D77C}.Release|iPhoneSimulator.ActiveCfg = Release|Any CPU
		{9787D3DD-4E7A-43FC-A10F-B7A67B70D77C}.Release|iPhoneSimulator.Build.0 = Release|Any CPU
		{9787D3DD-4E7A-43FC-A10F-B7A67B70D77C}.Release|x64.ActiveCfg = Release|Any CPU
		{9787D3DD-4E7A-43FC-A10F-B7A67B70D77C}.Release|x64.Build.0 = Release|Any CPU
		{9787D3DD-4E7A-43FC-A10F-B7A67B70D77C}.Release|x86.ActiveCfg = Release|Any CPU
		{9787D3DD-4E7A-43FC-A10F-B7A67B70D77C}.Release|x86.Build.0 = Release|Any CPU
	EndGlobalSection
	GlobalSection(SolutionProperties) = preSolution
		HideSolutionNode = FALSE
	EndGlobalSection
	GlobalSection(NestedProjects) = preSolution
		{302498AE-7B4F-4C38-9988-6214D3C84503} = {08755D88-F04A-4EC9-B294-E0FD8074D9C8}
		{1751A7C4-08AB-428D-A313-35661C074B7D} = {B17C5594-B03A-4740-9366-6749B1E48839}
		{9787D3DD-4E7A-43FC-A10F-B7A67B70D77C} = {B17C5594-B03A-4740-9366-6749B1E48839}
	EndGlobalSection
	GlobalSection(ExtensibilityGlobals) = postSolution
		SolutionGuid = {6FCE93F7-73D2-4070-A44A-D3563DDD74B6}
	EndGlobalSection
EndGlobal
